
Microsoft Visual Studio Solution File, Format Version 12.00
# Visual Studio Version 16
VisualStudioVersion = 16.0.31321.278
MinimumVisualStudioVersion = 10.0.40219.1
Project("{FAE04EC0-301F-11D3-BF4B-00C04F79EFBC}") = "MarketStokOtomasyonuWebServis", "MarketStokOtomasyonuWebServis\MarketStokOtomasyonuWebServis.csproj", "{58A27EEE-5326-4543-8C78-179689E8F998}"
EndProject
Global
	GlobalSection(SolutionConfigurationPlatforms) = preSolution
		Debug|Any CPU = Debug|Any CPU
		Release|Any CPU = Release|Any CPU
	EndGlobalSection
	GlobalSection(ProjectConfigurationPlatforms) = postSolution
		{58A27EEE-5326-4543-8C78-179689E8F998}.Debug|Any CPU.ActiveCfg = Debug|Any CPU
		{58A27EEE-5326-4543-8C78-179689E8F998}.Debug|Any CPU.Build.0 = Debug|Any CPU
		{58A27EEE-5326-4543-8C78-179689E8F998}.Release|Any CPU.ActiveCfg = Release|Any CPU
		{58A27EEE-5326-4543-8C78-179689E8F998}.Release|Any CPU.Build.0 = Release|Any CPU
	EndGlobalSection
	GlobalSection(SolutionProperties) = preSolution
		HideSolutionNode = FALSE
	EndGlobalSection
	GlobalSection(ExtensibilityGlobals) = postSolution
		SolutionGuid = {4D96ED7C-4111-4067-A100-5C0A14893176}
	EndGlobalSection
EndGlobal
